<?xml version="1.0" encoding="utf-8"?>
<Project ToolsVersion="4.0" xmlns="http://schemas.microsoft.com/developer/msbuild/2003">
  <ItemGroup>
    <Filter Include="Source Files">
      <UniqueIdentifier>{4FC737F1-C7A5-4376-A066-2A32D752A2FF}</UniqueIdentifier>
      <Extensions>cpp;c;cc;cxx;def;odl;idl;hpj;bat;asm;asmx</Extensions>
    </Filter>
    <Filter Include="Header Files">
      <UniqueIdentifier>{93995380-89BD-4b04-88EB-625FBE52EBFB}</UniqueIdentifier>
      <Extensions>h;hh;hpp;hxx;hm;inl;inc;xsd</Extensions>
    </Filter>
    <Filter Include="Resource Files">
      <UniqueIdentifier>{67DA6AB6-F800-4c08-8B7A-83BB121AAD01}</UniqueIdentifier>
      <Extensions>rc;ico;cur;bmp;dlg;rc2;rct;bin;rgs;gif;jpg;jpeg;jpe;resx;tiff;tif;png;wav;mfcribbon-ms</Extensions>
    </Filter>
    <Filter Include="Source Files\EtherCAT_Master">
      <UniqueIdentifier>{76c4a213-a791-44f3-92c3-43291364de63}</UniqueIdentifier>
    </Filter>
    <Filter Include="Header Files\EtherCAT_Master">
      <UniqueIdentifier>{fc15e9de-4ddf-4c4a-8f0a-5e0158191c3c}</UniqueIdentifier>
    </Filter>
    <Filter Include="Header Files\Motion">
      <UniqueIdentifier>{4bdc2cd5-30a2-4d1d-8edf-d0e61141f533}</UniqueIdentifier>
    </Filter>
    <Filter Include="Source Files\Motion">
      <UniqueIdentifier>{db85b3d9-a186-4b6c-bb4e-d5e162c8e880}</UniqueIdentifier>
    </Filter>
    <Filter Include="Header Files\PLC">
      <UniqueIdentifier>{b84ea99f-db27-4e49-984a-f15eb986353e}</UniqueIdentifier>
    </Filter>
    <Filter Include="Source Files\PLC">
      <UniqueIdentifier>{9a1c25ef-f362-4278-986c-2ca9445d1c84}</UniqueIdentifier>
    </Filter>
    <Filter Include="Header Files\Function">
      <UniqueIdentifier>{1205fd8d-7c87-4881-af49-151f597b340e}</UniqueIdentifier>
    </Filter>
    <Filter Include="Source Files\Function">
      <UniqueIdentifier>{160bee39-2475-43e3-b18e-f78243035e38}</UniqueIdentifier>
    </Filter>
    <Filter Include="Header Files\Parameter">
      <UniqueIdentifier>{76797fcd-d900-4c59-8819-2feecd465a90}</UniqueIdentifier>
    </Filter>
    <Filter Include="Source Files\Parameter">
      <UniqueIdentifier>{958a8ebc-4ba2-4ddc-b22f-e471a792c45a}</UniqueIdentifier>
    </Filter>
    <Filter Include="Source Files\System_Mode">
      <UniqueIdentifier>{e94491a2-c149-4495-9241-6bdc01bd6d78}</UniqueIdentifier>
    </Filter>
    <Filter Include="Source Files\System_Mode\EXAMPLE_MODE">
      <UniqueIdentifier>{8fa23115-8847-4f33-b06d-d857d9b2ceab}</UniqueIdentifier>
    </Filter>
    <Filter Include="Source Files\System_Mode\EDM_SINKER_MODE">
      <UniqueIdentifier>{c3f6c8db-c611-4d20-983e-343904e02f81}</UniqueIdentifier>
    </Filter>
    <Filter Include="Source Files\EtherCAT_Master\EtherCAT_Function">
      <UniqueIdentifier>{17927f07-0581-4ff1-89ae-6135f0eefdd6}</UniqueIdentifier>
    </Filter>
    <Filter Include="Header Files\NC">
      <UniqueIdentifier>{9fc2e5a2-2d7a-4b61-8050-6f6b235cf47b}</UniqueIdentifier>
    </Filter>
    <Filter Include="Source Files\NC">
      <UniqueIdentifier>{8193ac67-c673-43dc-92e7-c7cd1289c5ca}</UniqueIdentifier>
    </Filter>
    <Filter Include="Header Files\Alarm">
      <UniqueIdentifier>{a60dc271-a96d-4a53-868e-3b0225c871a7}</UniqueIdentifier>
    </Filter>
    <Filter Include="Source Files\Alarm">
      <UniqueIdentifier>{e177f209-749c-4f19-9d1d-565a3dece765}</UniqueIdentifier>
    </Filter>
    <Filter Include="Source Files\NC\GM_Code">
      <UniqueIdentifier>{c61de2a5-913d-4d5a-b6f2-b055e706b554}</UniqueIdentifier>
    </Filter>
    <Filter Include="Header Files\NC\GM_Code">
      <UniqueIdentifier>{dbd845fc-d7e5-49d8-94c2-100c1b5fbaad}</UniqueIdentifier>
    </Filter>
    <Filter Include="Header Files\API">
      <UniqueIdentifier>{54575cae-57b4-4a68-af3b-36a1be2a4c24}</UniqueIdentifier>
    </Filter>
    <Filter Include="Source Files\API">
      <UniqueIdentifier>{6177dcb1-e0c8-41e5-92bf-1fa6605b9283}</UniqueIdentifier>
    </Filter>
    <Filter Include="Source Files\Motion\MotionCore_GCode">
      <UniqueIdentifier>{75857113-1470-41a3-9eb6-df8a09ef7a9e}</UniqueIdentifier>
    </Filter>
    <Filter Include="Header Files\EtherCAT_Master\DC">
      <UniqueIdentifier>{6d395306-0dac-4ac1-b2f7-da32c4e4d459}</UniqueIdentifier>
    </Filter>
    <Filter Include="Source Files\EtherCAT_Master\DC">
      <UniqueIdentifier>{37fcd49a-435c-41e4-a591-3faf0a4b6eaf}</UniqueIdentifier>
    </Filter>
    <Filter Include="Source Files\EtherCAT_Master\PLC">
      <UniqueIdentifier>{ab1ebd9b-ad82-4496-9e3a-6a679186233f}</UniqueIdentifier>
    </Filter>
    <Filter Include="Header Files\NC\PLC">
      <UniqueIdentifier>{2a62dd9a-452c-446d-b5cc-4b63c1ccde96}</UniqueIdentifier>
    </Filter>
    <Filter Include="Source Files\NC\PLC">
      <UniqueIdentifier>{175d49f4-3858-4aaa-9a3f-0c21319a3e13}</UniqueIdentifier>
    </Filter>
    <Filter Include="Source Files\NC\Macro">
      <UniqueIdentifier>{fe16f565-345b-4fd9-bd08-fee615878ed4}</UniqueIdentifier>
    </Filter>
    <Filter Include="Header Files\NC\Macro">
      <UniqueIdentifier>{efcff09c-27a8-410c-b08c-55a8708631d9}</UniqueIdentifier>
    </Filter>
    <Filter Include="Header Files\NC\NC">
      <UniqueIdentifier>{1342f76f-5783-4b89-a57e-e5aa42c4c130}</UniqueIdentifier>
    </Filter>
    <Filter Include="Source Files\NC\NC">
      <UniqueIdentifier>{71a38832-9b80-4b39-ba4b-c30bc3483399}</UniqueIdentifier>
    </Filter>
    <Filter Include="Source Files\NC\Coordinate">
      <UniqueIdentifier>{0cab1bf3-22c6-42fe-aa76-30a4779307ff}</UniqueIdentifier>
    </Filter>
    <Filter Include="Header Files\NC\Coordinate">
      <UniqueIdentifier>{7ad4bc7e-2b5b-47b9-8297-2a63580b0e2b}</UniqueIdentifier>
    </Filter>
    <Filter Include="Source Files\NC\Home">
      <UniqueIdentifier>{5e5515dd-d7be-4779-be73-3941a490a766}</UniqueIdentifier>
    </Filter>
    <Filter Include="Header Files\NC\Home">
      <UniqueIdentifier>{476d704f-4d73-426b-9ace-b46a6499f3c8}</UniqueIdentifier>
    </Filter>
  </ItemGroup>
  <ItemGroup>
    <ClCompile Include="EtherCAT_Master_RTOSDriver.cpp">
      <Filter>Source Files\EtherCAT_Master</Filter>
    </ClCompile>
    <ClCompile Include="EtherCAT_Master_RTOSRtTimerThread.cpp">
      <Filter>Source Files\EtherCAT_Master</Filter>
    </ClCompile>
    <ClCompile Include="EtherCatEni.cpp">
      <Filter>Source Files\EtherCAT_Master</Filter>
    </ClCompile>
    <ClCompile Include="EtherCatMaster.cpp">
      <Filter>Source Files\EtherCAT_Master</Filter>
    </ClCompile>
    <ClCompile Include="EtherCAT_Master_RTOS.cpp">
      <Filter>Source Files</Filter>
    </ClCompile>
    <ClCompile Include="NicDriver.cpp">
      <Filter>Source Files\EtherCAT_Master</Filter>
    </ClCompile>
    <ClCompile Include="MotionCore.cpp">
      <Filter>Source Files\Motion</Filter>
    </ClCompile>
    <ClCompile Include="PlcCore.cpp">
      <Filter>Source Files\PLC</Filter>
    </ClCompile>
    <ClCompile Include="ConfigReader.cpp">
      <Filter>Source Files\Function</Filter>
    </ClCompile>
    <ClCompile Include="GlobalConfig.cpp">
      <Filter>Source Files\Parameter</Filter>
    </ClCompile>
    <ClCompile Include="tinyxml2.cpp">
      <Filter>Source Files\Function</Filter>
    </ClCompile>
    <ClCompile Include="System_EXAMPLE_MODE.cpp">
      <Filter>Source Files\System_Mode\EXAMPLE_MODE</Filter>
    </ClCompile>
    <ClCompile Include="System_EDM_SINKER_MODE.cpp">
      <Filter>Source Files\System_Mode\EDM_SINKER_MODE</Filter>
    </ClCompile>
    <ClCompile Include="EtherCAT_Function.cpp">
      <Filter>Source Files\EtherCAT_Master\EtherCAT_Function</Filter>
    </ClCompile>
    <ClCompile Include="GCodeParser.cpp">
      <Filter>Source Files\NC</Filter>
    </ClCompile>
    <ClCompile Include="AlarmManager.cpp">
      <Filter>Source Files\Alarm</Filter>
    </ClCompile>
    <ClCompile Include="G00.cpp">
      <Filter>Source Files\NC\GM_Code</Filter>
    </ClCompile>
    <ClCompile Include="G04.cpp">
      <Filter>Source Files\NC\GM_Code</Filter>
    </ClCompile>
    <ClCompile Include="MCode.cpp">
      <Filter>Source Files\NC\GM_Code</Filter>
    </ClCompile>
    <ClCompile Include="GCode.cpp">
      <Filter>Source Files\NC\GM_Code</Filter>
    </ClCompile>
    <ClCompile Include="SHMManager.cpp">
      <Filter>Source Files\API</Filter>
    </ClCompile>
    <ClCompile Include="HMI_Bridge.cpp">
      <Filter>Source Files\API</Filter>
    </ClCompile>
    <ClCompile Include="CompensationEngine.cpp">
      <Filter>Source Files\Motion</Filter>
    </ClCompile>
    <ClCompile Include="G53.cpp">
      <Filter>Source Files\NC\GM_Code</Filter>
    </ClCompile>
    <ClCompile Include="G30.cpp">
      <Filter>Source Files\NC\GM_Code</Filter>
    </ClCompile>
    <ClCompile Include="MotionCore_G00.cpp">
      <Filter>Source Files\Motion\MotionCore_GCode</Filter>
    </ClCompile>
    <ClCompile Include="MotionCore_G53.cpp">
      <Filter>Source Files\Motion\MotionCore_GCode</Filter>
    </ClCompile>
    <ClCompile Include="MotionCore_G30.cpp">
      <Filter>Source Files\Motion\MotionCore_GCode</Filter>
    </ClCompile>
    <ClCompile Include="G28.cpp">
      <Filter>Source Files\NC\GM_Code</Filter>
    </ClCompile>
    <ClCompile Include="MotionCore_G28.cpp">
      <Filter>Source Files\Motion\MotionCore_GCode</Filter>
    </ClCompile>
    <ClCompile Include="G32.cpp">
      <Filter>Source Files\NC\GM_Code</Filter>
    </ClCompile>
    <ClCompile Include="MotionCore_G32.cpp">
      <Filter>Source Files\Motion\MotionCore_GCode</Filter>
    </ClCompile>
    <ClCompile Include="G07.cpp">
      <Filter>Source Files\NC\GM_Code</Filter>
    </ClCompile>
    <ClCompile Include="MotionCore_G07.cpp">
      <Filter>Source Files\Motion\MotionCore_GCode</Filter>
    </ClCompile>
    <ClCompile Include="G161.cpp">
      <Filter>Source Files\NC\GM_Code</Filter>
    </ClCompile>
    <ClCompile Include="MotionCore_G161.cpp">
      <Filter>Source Files\Motion\MotionCore_GCode</Filter>
    </ClCompile>
    <ClCompile Include="PLCManager.cpp">
      <Filter>Source Files\PLC</Filter>
    </ClCompile>
    <ClCompile Include="EtherCatMaster_DC_Diagnostics.cpp">
      <Filter>Source Files\EtherCAT_Master\DC</Filter>
    </ClCompile>
    <ClCompile Include="EtherCatMaster_DC_Runtime.cpp">
      <Filter>Source Files\EtherCAT_Master\DC</Filter>
    </ClCompile>
    <ClCompile Include="EtherCatMaster_DC_Startup.cpp">
      <Filter>Source Files\EtherCAT_Master\DC</Filter>
    </ClCompile>
    <ClCompile Include="EtherCatMaster_PLC_Startup.cpp">
      <Filter>Source Files\EtherCAT_Master\PLC</Filter>
    </ClCompile>
    <ClCompile Include="EtherCatMaster_PLC_Runtime.cpp">
      <Filter>Source Files\EtherCAT_Master\PLC</Filter>
    </ClCompile>
    <ClCompile Include="EtherCatMaster_DC_Topology.cpp">
      <Filter>Source Files\EtherCAT_Master\DC</Filter>
    </ClCompile>
    <ClCompile Include="NCManager_PLCSync.cpp">
      <Filter>Source Files\NC\PLC</Filter>
    </ClCompile>
    <ClCompile Include="NCPLCManager.cpp">
      <Filter>Source Files\NC\PLC</Filter>
    </ClCompile>
    <ClCompile Include="MacroEngine.cpp">
      <Filter>Source Files\NC\Macro</Filter>
    </ClCompile>
    <ClCompile Include="MacroParser.cpp">
      <Filter>Source Files\NC\Macro</Filter>
    </ClCompile>
    <ClCompile Include="NCManager_SysVars.cpp">
      <Filter>Source Files\NC\Macro</Filter>
    </ClCompile>
    <ClCompile Include="NCManager.cpp">
      <Filter>Source Files\NC\NC</Filter>
    </ClCompile>
    <ClCompile Include="CoordinateManager.cpp">
      <Filter>Source Files\NC\Coordinate</Filter>
    </ClCompile>
    <ClCompile Include="CoordinateManager_TravelLimit.cpp">
      <Filter>Source Files\NC\Coordinate</Filter>
    </ClCompile>
    <ClCompile Include="HomingManager.cpp">
      <Filter>Source Files\NC\Home</Filter>
    </ClCompile>
    <ClCompile Include="G81.cpp">
      <Filter>Source Files\NC\GM_Code</Filter>
    </ClCompile>
    <ClCompile Include="HomePersistenceManager.cpp">
      <Filter>Source Files\NC\Home</Filter>
    </ClCompile>
  </ItemGroup>
  <ItemGroup>
    <ClInclude Include="EtherCAT_Master_RTOS.h">
      <Filter>Header Files</Filter>
    </ClInclude>
    <ClInclude Include="EtherCatEni.h">
      <Filter>Header Files\EtherCAT_Master</Filter>
    </ClInclude>
    <ClInclude Include="EtherCatFrame.h">
      <Filter>Header Files\EtherCAT_Master</Filter>
    </ClInclude>
    <ClInclude Include="EtherCatMailbox.h">
      <Filter>Header Files\EtherCAT_Master</Filter>
    </ClInclude>
    <ClInclude Include="EtherCatMaster.h">
      <Filter>Header Files\EtherCAT_Master</Filter>
    </ClInclude>
    <ClInclude Include="EtherCatPdo.h">
      <Filter>Header Files\EtherCAT_Master</Filter>
    </ClInclude>
    <ClInclude Include="EtherCatServo.h">
      <Filter>Header Files\EtherCAT_Master</Filter>
    </ClInclude>
    <ClInclude Include="EtherCatTypes.h">
      <Filter>Header Files\EtherCAT_Master</Filter>
    </ClInclude>
    <ClInclude Include="NicDriver.h">
      <Filter>Header Files\EtherCAT_Master</Filter>
    </ClInclude>
    <ClInclude Include="MotionCore.h">
      <Filter>Header Files\Motion</Filter>
    </ClInclude>
    <ClInclude Include="PlcCore.h">
      <Filter>Header Files\PLC</Filter>
    </ClInclude>
    <ClInclude Include="ConfigReader.h">
      <Filter>Header Files\Function</Filter>
    </ClInclude>
    <ClInclude Include="GlobalConfig.h">
      <Filter>Header Files\Parameter</Filter>
    </ClInclude>
    <ClInclude Include="tinyxml2.h">
      <Filter>Header Files\Function</Filter>
    </ClInclude>
    <ClInclude Include="GCodeParser.h">
      <Filter>Header Files\NC</Filter>
    </ClInclude>
    <ClInclude Include="AlarmManager.h">
      <Filter>Header Files\Alarm</Filter>
    </ClInclude>
    <ClInclude Include="GMCodeHandlers.h">
      <Filter>Header Files\NC\GM_Code</Filter>
    </ClInclude>
    <ClInclude Include="SHM_Types.h">
      <Filter>Header Files\API</Filter>
    </ClInclude>
    <ClInclude Include="SHMManager.h">
      <Filter>Header Files\API</Filter>
    </ClInclude>
    <ClInclude Include="HMI_Bridge.h">
      <Filter>Header Files\API</Filter>
    </ClInclude>
    <ClInclude Include="CompensationEngine.h">
      <Filter>Header Files\Motion</Filter>
    </ClInclude>
    <ClInclude Include="PLCManager.h">
      <Filter>Header Files\PLC</Filter>
    </ClInclude>
    <ClInclude Include="EtherCatMaster_DC_Internal.h">
      <Filter>Header Files\EtherCAT_Master\DC</Filter>
    </ClInclude>
    <ClInclude Include="EtherCatMaster_DC_Topology.h">
      <Filter>Header Files\EtherCAT_Master\DC</Filter>
    </ClInclude>
    <ClInclude Include="EtherCatMaster_DC_Tuning.h">
      <Filter>Header Files\EtherCAT_Master\DC</Filter>
    </ClInclude>
    <ClInclude Include="NCPLCManager.h">
      <Filter>Header Files\NC\PLC</Filter>
    </ClInclude>
    <ClInclude Include="NCPLCMap.h">
      <Filter>Header Files\NC\PLC</Filter>
    </ClInclude>
    <ClInclude Include="MacroEngine.h">
      <Filter>Header Files\NC\Macro</Filter>
    </ClInclude>
    <ClInclude Include="MacroParser.h">
      <Filter>Header Files\NC\Macro</Filter>
    </ClInclude>
    <ClInclude Include="NC_Types.h">
      <Filter>Header Files\NC\NC</Filter>
    </ClInclude>
    <ClInclude Include="NCManager.h">
      <Filter>Header Files\NC\NC</Filter>
    </ClInclude>
    <ClInclude Include="CoordinateManager.h">
      <Filter>Header Files\NC\Coordinate</Filter>
    </ClInclude>
    <ClInclude Include="HomeTypes.h">
      <Filter>Header Files\Motion</Filter>
    </ClInclude>
    <ClInclude Include="HomingManager.h">
      <Filter>Header Files\NC\Home</Filter>
    </ClInclude>
    <ClInclude Include="HomePersistenceManager.h">
      <Filter>Header Files\NC\Home</Filter>
    </ClInclude>
  </ItemGroup>
  <ItemGroup>
    <Text Include="DC同步_相關設定說明.txt">
      <Filter>Source Files\EtherCAT_Master\DC</Filter>
    </Text>
    <Text Include="DC同步流程.txt">
      <Filter>Source Files\EtherCAT_Master\DC</Filter>
    </Text>
  </ItemGroup>
</Project>